
Microsoft Visual Studio Solution File, Format Version 12.00
# Visual Studio Version 17
VisualStudioVersion = 17.14.36310.24 d17.14
MinimumVisualStudioVersion = 10.0.40219.1
Project("{FAE04EC0-301F-11D3-BF4B-00C04F79EFBC}") = "BMPLauncher", "BMPLauncher.csproj", "{1EF9A746-FA09-45BB-BD37-D3152D0C3AFD}"
EndProject
Global
	GlobalSection(SolutionConfigurationPlatforms) = preSolution
		Debug|Any CPU = Debug|Any CPU
		Release|Any CPU = Release|Any CPU
	EndGlobalSection
	GlobalSection(ProjectConfigurationPlatforms) = postSolution
		{1EF9A746-FA09-45BB-BD37-D3152D0C3AFD}.Debug|Any CPU.ActiveCfg = Debug|Any CPU
		{1EF9A746-FA09-45BB-BD37-D3152D0C3AFD}.Debug|Any CPU.Build.0 = Debug|Any CPU
		{1EF9A746-FA09-45BB-BD37-D3152D0C3AFD}.Release|Any CPU.ActiveCfg = Release|Any CPU
		{1EF9A746-FA09-45BB-BD37-D3152D0C3AFD}.Release|Any CPU.Build.0 = Release|Any CPU
	EndGlobalSection
	GlobalSection(SolutionProperties) = preSolution
		HideSolutionNode = FALSE
	EndGlobalSection
	GlobalSection(ExtensibilityGlobals) = postSolution
		SolutionGuid = {DA2F86EF-7B83-4091-B706-F3E344AFA22C}
	EndGlobalSection
EndGlobal
